<?xml version="1.0" encoding="utf-8"?>
<Project ToolsVersion="4.0" xmlns="http://schemas.microsoft.com/developer/msbuild/2003">
  <ItemGroup>
    <Filter Include="Source Files">
      <UniqueIdentifier>{4FC737F1-C7A5-4376-A066-2A32D752A2FF}</UniqueIdentifier>
      <Extensions>cpp;c;cc;cxx;def;odl;idl;hpj;bat;asm;asmx</Extensions>
    </Filter>
    <Filter Include="Header Files">
      <UniqueIdentifier>{93995380-89BD-4b04-88EB-625FBE52EBFB}</UniqueIdentifier>
      <Extensions>h;hh;hpp;hxx;hm;inl;inc;xsd</Extensions>
    </Filter>
    <Filter Include="Resource Files">
      <UniqueIdentifier>{67DA6AB6-F800-4c08-8B7A-83BB121AAD01}</UniqueIdentifier>
      <Extensions>rc;ico;cur;bmp;dlg;rc2;rct;bin;rgs;gif;jpg;jpeg;jpe;resx;tiff;tif;png;wav</Extensions>
    </Filter>
    <Filter Include="shaders">
      <UniqueIdentifier>{587f2fa0-7167-404b-b0d1-8c3115099b4f}</UniqueIdentifier>
    </Filter>
    <Filter Include="External">
      <UniqueIdentifier>{13b0b75d-7f1d-4c68-8898-71413e12dfe5}</UniqueIdentifier>
    </Filter>
  </ItemGroup>
  <ItemGroup>
    <ClCompile Include="cpp\engine.cpp">
      <Filter>Source Files</Filter>
    </ClCompile>
    <ClCompile Include="cpp\util.cpp">
      <Filter>Source Files</Filter>
    </ClCompile>
    <ClCompile Include="cpp\vector.cpp">
      <Filter>Source Files</Filter>
    </ClCompile>
    <ClCompile Include="cpp\slotheap.cpp">
      <Filter>Source Files</Filter>
    </ClCompile>
    <ClCompile Include="cpp\fpscounter.cpp">
      <Filter>Source Files</Filter>
    </ClCompile>
    <ClCompile Include="cpp\binarystream.cpp">
      <Filter>Source Files</Filter>
    </ClCompile>
    <ClCompile Include="cpp\font.cpp">
      <Filter>Source Files</Filter>
    </ClCompile>
    <ClCompile Include="cpp\object.cpp">
      <Filter>Source Files</Filter>
    </ClCompile>
    <ClCompile Include="cpp\texture.cpp">
      <Filter>Source Files</Filter>
    </ClCompile>
    <ClCompile Include="cpp\shader.cpp">
      <Filter>Source Files</Filter>
    </ClCompile>
    <ClCompile Include="cpp\material.cpp">
      <Filter>Source Files</Filter>
    </ClCompile>
    <ClCompile Include="cpp\node.cpp">
      <Filter>Source Files</Filter>
    </ClCompile>
    <ClCompile Include="cpp\node3d.cpp">
      <Filter>Source Files</Filter>
    </ClCompile>
    <ClCompile Include="cpp\camera.cpp">
      <Filter>Source Files</Filter>
    </ClCompile>
    <ClCompile Include="cpp\drawnode3d.cpp">
      <Filter>Source Files</Filter>
    </ClCompile>
    <ClCompile Include="cpp\uinode.cpp">
      <Filter>Source Files</Filter>
    </ClCompile>
    <ClCompile Include="cpp\text.cpp">
      <Filter>Source Files</Filter>
    </ClCompile>
    <ClCompile Include="cpp\mesh.cpp">
      <Filter>Source Files</Filter>
    </ClCompile>
    <ClCompile Include="cpp\file.cpp">
      <Filter>Source Files</Filter>
    </ClCompile>
    <ClCompile Include="cpp\flycam.cpp">
      <Filter>Source Files</Filter>
    </ClCompile>
    <ClCompile Include="cpp\console.cpp">
      <Filter>Source Files</Filter>
    </ClCompile>
    <ClCompile Include="cpp\timingcontext.cpp">
      <Filter>Source Files</Filter>
    </ClCompile>
    <ClCompile Include="cpp\gltfloader.cpp">
      <Filter>Source Files</Filter>
    </ClCompile>
    <ClCompile Include="cpp\goalring.cpp">
      <Filter>Source Files</Filter>
    </ClCompile>
    <ClCompile Include="cpp\render.cpp">
      <Filter>Source Files</Filter>
    </ClCompile>
    <ClCompile Include="cpp\sun.cpp">
      <Filter>Source Files</Filter>
    </ClCompile>
    <ClCompile Include="cpp\player.cpp">
      <Filter>Source Files</Filter>
    </ClCompile>
    <ClCompile Include="cpp\phys.cpp">
      <Filter>Source Files</Filter>
    </ClCompile>
  </ItemGroup>
  <ItemGroup>
    <ClInclude Include="cpp\engine.h">
      <Filter>Header Files</Filter>
    </ClInclude>
    <ClInclude Include="cpp\util.h">
      <Filter>Header Files</Filter>
    </ClInclude>
    <ClInclude Include="cpp\vector.h">
      <Filter>Header Files</Filter>
    </ClInclude>
    <ClInclude Include="cpp\slotheap.h">
      <Filter>Header Files</Filter>
    </ClInclude>
    <ClInclude Include="cpp\fpscounter.h">
      <Filter>Header Files</Filter>
    </ClInclude>
    <ClInclude Include="cpp\binarystream.h">
      <Filter>Header Files</Filter>
    </ClInclude>
    <ClInclude Include="cpp\font.h">
      <Filter>Header Files</Filter>
    </ClInclude>
    <ClInclude Include="cpp\object.h">
      <Filter>Header Files</Filter>
    </ClInclude>
    <ClInclude Include="cpp\texture.h">
      <Filter>Header Files</Filter>
    </ClInclude>
    <ClInclude Include="cpp\shader.h">
      <Filter>Header Files</Filter>
    </ClInclude>
    <ClInclude Include="cpp\material.h">
      <Filter>Header Files</Filter>
    </ClInclude>
    <ClInclude Include="cpp\node.h">
      <Filter>Header Files</Filter>
    </ClInclude>
    <ClInclude Include="cpp\node3d.h">
      <Filter>Header Files</Filter>
    </ClInclude>
    <ClInclude Include="cpp\camera3d.h">
      <Filter>Header Files</Filter>
    </ClInclude>
    <ClInclude Include="cpp\drawnode3d.h">
      <Filter>Header Files</Filter>
    </ClInclude>
    <ClInclude Include="cpp\uinode.h">
      <Filter>Header Files</Filter>
    </ClInclude>
    <ClInclude Include="cpp\text.h">
      <Filter>Header Files</Filter>
    </ClInclude>
    <ClInclude Include="cpp\mesh.h">
      <Filter>Header Files</Filter>
    </ClInclude>
    <ClInclude Include="cpp\file.h">
      <Filter>Header Files</Filter>
    </ClInclude>
    <ClInclude Include="cpp\flycam.h">
      <Filter>Header Files</Filter>
    </ClInclude>
    <ClInclude Include="cpp\coordinatesystem.h">
      <Filter>Header Files</Filter>
    </ClInclude>
    <ClInclude Include="cpp\timingcontext.h">
      <Filter>Header Files</Filter>
    </ClInclude>
    <ClInclude Include="cpp\console.h">
      <Filter>Header Files</Filter>
    </ClInclude>
    <ClInclude Include="cpp\linearmap.h">
      <Filter>Header Files</Filter>
    </ClInclude>
    <ClInclude Include="cpp\external\json.hpp">
      <Filter>External</Filter>
    </ClInclude>
    <ClInclude Include="cpp\external\stb_image.h">
      <Filter>External</Filter>
    </ClInclude>
    <ClInclude Include="cpp\external\stb_image_write.h">
      <Filter>External</Filter>
    </ClInclude>
    <ClInclude Include="cpp\external\tiny_gltf.h">
      <Filter>External</Filter>
    </ClInclude>
    <ClInclude Include="cpp\gltfloader.h">
      <Filter>Header Files</Filter>
    </ClInclude>
    <ClInclude Include="cpp\goalring.h">
      <Filter>Header Files</Filter>
    </ClInclude>
    <ClInclude Include="cpp\render.h">
      <Filter>Header Files</Filter>
    </ClInclude>
    <ClInclude Include="cpp\sun.h">
      <Filter>Header Files</Filter>
    </ClInclude>
    <ClInclude Include="cpp\player.h">
      <Filter>Header Files</Filter>
    </ClInclude>
    <ClInclude Include="cpp\phys.h">
      <Filter>Header Files</Filter>
    </ClInclude>
  </ItemGroup>
  <ItemGroup>
    <FxCompile Include="shaders\text2d.hlsl">
      <Filter>shaders</Filter>
    </FxCompile>
    <FxCompile Include="shaders\unlit3d.hlsl">
      <Filter>shaders</Filter>
    </FxCompile>
    <FxCompile Include="shaders\skybox.hlsl">
      <Filter>shaders</Filter>
    </FxCompile>
    <FxCompile Include="shaders\litndotl.hlsl">
      <Filter>shaders</Filter>
    </FxCompile>
    <FxCompile Include="shaders\shadowcaster.hlsl">
      <Filter>shaders</Filter>
    </FxCompile>
    <FxCompile Include="shaders\3dwireframe.hlsl">
      <Filter>shaders</Filter>
    </FxCompile>
  </ItemGroup>
</Project>